
Microsoft Visual Studio Solution File, Format Version 12.00
# Visual Studio Version 17
VisualStudioVersion = 17.5.002.0
MinimumVisualStudioVersion = 10.0.40219.1
Project("{9A19103F-16F7-4668-BE54-9A1E7A4F7556}") = "FinVest", "FinVest\FinVest.csproj", "{FB355B24-C6D9-4EF2-A20F-A4F70E07A2D5}"
EndProject
Project("{9A19103F-16F7-4668-BE54-9A1E7A4F7556}") = "PlaidApp", "PlaidApp\PlaidApp.csproj", "{F00EB5CF-27AF-4C5C-BE30-863527D02188}"
EndProject
Project("{9A19103F-16F7-4668-BE54-9A1E7A4F7556}") = "StockWave", "StockWave\StockWave.csproj", "{B92C07A8-46ED-4CDA-83E2-D1AE0788ACED}"
EndProject
Project("{2150E333-8FDC-42A3-9474-1A3956D46DE8}") = "graphs implementation", "graphs implementation", "{1CC62AAD-48C2-439E-AD23-1C75DD919748}"
EndProject
Project("{9A19103F-16F7-4668-BE54-9A1E7A4F7556}") = "Chart", "graphs implementation\Chart\Chart.csproj", "{A67C3FB9-BFCD-4854-A211-4951BA2C7DAB}"
EndProject
Global
	GlobalSection(SolutionConfigurationPlatforms) = preSolution
		Debug|Any CPU = Debug|Any CPU
		Release|Any CPU = Release|Any CPU
	EndGlobalSection
	GlobalSection(ProjectConfigurationPlatforms) = postSolution
		{FB355B24-C6D9-4EF2-A20F-A4F70E07A2D5}.Debug|Any CPU.ActiveCfg = Debug|Any CPU
		{FB355B24-C6D9-4EF2-A20F-A4F70E07A2D5}.Debug|Any CPU.Build.0 = Debug|Any CPU
		{FB355B24-C6D9-4EF2-A20F-A4F70E07A2D5}.Release|Any CPU.ActiveCfg = Release|Any CPU
		{FB355B24-C6D9-4EF2-A20F-A4F70E07A2D5}.Release|Any CPU.Build.0 = Release|Any CPU
		{F00EB5CF-27AF-4C5C-BE30-863527D02188}.Debug|Any CPU.ActiveCfg = Debug|Any CPU
		{F00EB5CF-27AF-4C5C-BE30-863527D02188}.Debug|Any CPU.Build.0 = Debug|Any CPU
		{F00EB5CF-27AF-4C5C-BE30-863527D02188}.Release|Any CPU.ActiveCfg = Release|Any CPU
		{F00EB5CF-27AF-4C5C-BE30-863527D02188}.Release|Any CPU.Build.0 = Release|Any CPU
		{B92C07A8-46ED-4CDA-83E2-D1AE0788ACED}.Debug|Any CPU.ActiveCfg = Debug|Any CPU
		{B92C07A8-46ED-4CDA-83E2-D1AE0788ACED}.Debug|Any CPU.Build.0 = Debug|Any CPU
		{B92C07A8-46ED-4CDA-83E2-D1AE0788ACED}.Release|Any CPU.ActiveCfg = Release|Any CPU
		{B92C07A8-46ED-4CDA-83E2-D1AE0788ACED}.Release|Any CPU.Build.0 = Release|Any CPU
		{A67C3FB9-BFCD-4854-A211-4951BA2C7DAB}.Debug|Any CPU.ActiveCfg = Debug|Any CPU
		{A67C3FB9-BFCD-4854-A211-4951BA2C7DAB}.Debug|Any CPU.Build.0 = Debug|Any CPU
		{A67C3FB9-BFCD-4854-A211-4951BA2C7DAB}.Release|Any CPU.ActiveCfg = Release|Any CPU
		{A67C3FB9-BFCD-4854-A211-4951BA2C7DAB}.Release|Any CPU.Build.0 = Release|Any CPU
	EndGlobalSection
	GlobalSection(SolutionProperties) = preSolution
		HideSolutionNode = FALSE
	EndGlobalSection
	GlobalSection(NestedProjects) = preSolution
		{A67C3FB9-BFCD-4854-A211-4951BA2C7DAB} = {1CC62AAD-48C2-439E-AD23-1C75DD919748}
	EndGlobalSection
	GlobalSection(ExtensibilityGlobals) = postSolution
		SolutionGuid = {1531F579-9D0E-4280-B05A-CB9B0BF8C744}
	EndGlobalSection
EndGlobal
