
Microsoft Visual Studio Solution File, Format Version 12.00
# Visual Studio Version 17
VisualStudioVersion = 17.5.002.0
MinimumVisualStudioVersion = 10.0.40219.1
Project("{9A19103F-16F7-4668-BE54-9A1E7A4F7556}") = "PlaidApp", "PlaidApp\PlaidApp.csproj", "{47FEAD3B-DDD5-4A01-B821-470718DF2558}"
EndProject
Project("{2150E333-8FDC-42A3-9474-1A3956D46DE8}") = "graphs implementation", "graphs implementation", "{5E3CE243-70FC-41EF-9520-1BB1EC23A6E6}"
EndProject
Project("{9A19103F-16F7-4668-BE54-9A1E7A4F7556}") = "Chart", "graphs implementation\Chart\Chart.csproj", "{28D2D29B-FDF1-417E-9B26-F2AC91B3609F}"
EndProject
Global
	GlobalSection(SolutionConfigurationPlatforms) = preSolution
		Debug|Any CPU = Debug|Any CPU
		Release|Any CPU = Release|Any CPU
	EndGlobalSection
	GlobalSection(ProjectConfigurationPlatforms) = postSolution
		{47FEAD3B-DDD5-4A01-B821-470718DF2558}.Debug|Any CPU.ActiveCfg = Debug|Any CPU
		{47FEAD3B-DDD5-4A01-B821-470718DF2558}.Debug|Any CPU.Build.0 = Debug|Any CPU
		{47FEAD3B-DDD5-4A01-B821-470718DF2558}.Release|Any CPU.ActiveCfg = Release|Any CPU
		{47FEAD3B-DDD5-4A01-B821-470718DF2558}.Release|Any CPU.Build.0 = Release|Any CPU
		{28D2D29B-FDF1-417E-9B26-F2AC91B3609F}.Debug|Any CPU.ActiveCfg = Debug|Any CPU
		{28D2D29B-FDF1-417E-9B26-F2AC91B3609F}.Debug|Any CPU.Build.0 = Debug|Any CPU
		{28D2D29B-FDF1-417E-9B26-F2AC91B3609F}.Release|Any CPU.ActiveCfg = Release|Any CPU
		{28D2D29B-FDF1-417E-9B26-F2AC91B3609F}.Release|Any CPU.Build.0 = Release|Any CPU
	EndGlobalSection
	GlobalSection(SolutionProperties) = preSolution
		HideSolutionNode = FALSE
	EndGlobalSection
	GlobalSection(NestedProjects) = preSolution
		{28D2D29B-FDF1-417E-9B26-F2AC91B3609F} = {5E3CE243-70FC-41EF-9520-1BB1EC23A6E6}
	EndGlobalSection
	GlobalSection(ExtensibilityGlobals) = postSolution
		SolutionGuid = {2B56BE79-B6F7-40DD-890C-9A40A3D15F1F}
	EndGlobalSection
EndGlobal
