
Microsoft Visual Studio Solution File, Format Version 12.00
# Visual Studio Version 17
VisualStudioVersion = 17.5.002.0
MinimumVisualStudioVersion = 10.0.40219.1
Project("{9A19103F-16F7-4668-BE54-9A1E7A4F7556}") = "PlaidApp", "PlaidApp\PlaidApp.csproj", "{99044DB9-6897-483B-B4D0-3788E2C7CAF2}"
EndProject
Global
	GlobalSection(SolutionConfigurationPlatforms) = preSolution
		Debug|Any CPU = Debug|Any CPU
		Release|Any CPU = Release|Any CPU
	EndGlobalSection
	GlobalSection(ProjectConfigurationPlatforms) = postSolution
		{99044DB9-6897-483B-B4D0-3788E2C7CAF2}.Debug|Any CPU.ActiveCfg = Debug|Any CPU
		{99044DB9-6897-483B-B4D0-3788E2C7CAF2}.Debug|Any CPU.Build.0 = Debug|Any CPU
		{99044DB9-6897-483B-B4D0-3788E2C7CAF2}.Release|Any CPU.ActiveCfg = Release|Any CPU
		{99044DB9-6897-483B-B4D0-3788E2C7CAF2}.Release|Any CPU.Build.0 = Release|Any CPU
	EndGlobalSection
	GlobalSection(SolutionProperties) = preSolution
		HideSolutionNode = FALSE
	EndGlobalSection
	GlobalSection(ExtensibilityGlobals) = postSolution
		SolutionGuid = {C04E2582-EA22-445F-88B7-88748BEC8CF3}
	EndGlobalSection
EndGlobal
