
Microsoft Visual Studio Solution File, Format Version 12.00
# Visual Studio Version 17
VisualStudioVersion = 17.5.002.0
MinimumVisualStudioVersion = 10.0.40219.1
Project("{9A19103F-16F7-4668-BE54-9A1E7A4F7556}") = "FinVest", "FinVest\FinVest.csproj", "{DC2A3564-5583-457F-812A-A1C3145ECC7C}"
EndProject
Project("{9A19103F-16F7-4668-BE54-9A1E7A4F7556}") = "PlaidApp", "PlaidApp\PlaidApp.csproj", "{2ACAB845-6302-4423-BA62-8C994A3D5FF4}"
EndProject
Project("{9A19103F-16F7-4668-BE54-9A1E7A4F7556}") = "StockWave", "StockWave\StockWave.csproj", "{7B4DA05B-8D61-46D1-898A-DEAF034AC85A}"
EndProject
Project("{2150E333-8FDC-42A3-9474-1A3956D46DE8}") = "graphs implementation", "graphs implementation", "{CE2EF0A6-A7C9-4580-9D76-E5A67A9B6184}"
EndProject
Project("{9A19103F-16F7-4668-BE54-9A1E7A4F7556}") = "Chart", "graphs implementation\Chart\Chart.csproj", "{1831FC01-C79C-48ED-88B0-67BCEB1C17DC}"
EndProject
Global
	GlobalSection(SolutionConfigurationPlatforms) = preSolution
		Debug|Any CPU = Debug|Any CPU
		Release|Any CPU = Release|Any CPU
	EndGlobalSection
	GlobalSection(ProjectConfigurationPlatforms) = postSolution
		{DC2A3564-5583-457F-812A-A1C3145ECC7C}.Debug|Any CPU.ActiveCfg = Debug|Any CPU
		{DC2A3564-5583-457F-812A-A1C3145ECC7C}.Debug|Any CPU.Build.0 = Debug|Any CPU
		{DC2A3564-5583-457F-812A-A1C3145ECC7C}.Release|Any CPU.ActiveCfg = Release|Any CPU
		{DC2A3564-5583-457F-812A-A1C3145ECC7C}.Release|Any CPU.Build.0 = Release|Any CPU
		{2ACAB845-6302-4423-BA62-8C994A3D5FF4}.Debug|Any CPU.ActiveCfg = Debug|Any CPU
		{2ACAB845-6302-4423-BA62-8C994A3D5FF4}.Debug|Any CPU.Build.0 = Debug|Any CPU
		{2ACAB845-6302-4423-BA62-8C994A3D5FF4}.Release|Any CPU.ActiveCfg = Release|Any CPU
		{2ACAB845-6302-4423-BA62-8C994A3D5FF4}.Release|Any CPU.Build.0 = Release|Any CPU
		{7B4DA05B-8D61-46D1-898A-DEAF034AC85A}.Debug|Any CPU.ActiveCfg = Debug|Any CPU
		{7B4DA05B-8D61-46D1-898A-DEAF034AC85A}.Debug|Any CPU.Build.0 = Debug|Any CPU
		{7B4DA05B-8D61-46D1-898A-DEAF034AC85A}.Release|Any CPU.ActiveCfg = Release|Any CPU
		{7B4DA05B-8D61-46D1-898A-DEAF034AC85A}.Release|Any CPU.Build.0 = Release|Any CPU
		{1831FC01-C79C-48ED-88B0-67BCEB1C17DC}.Debug|Any CPU.ActiveCfg = Debug|Any CPU
		{1831FC01-C79C-48ED-88B0-67BCEB1C17DC}.Debug|Any CPU.Build.0 = Debug|Any CPU
		{1831FC01-C79C-48ED-88B0-67BCEB1C17DC}.Release|Any CPU.ActiveCfg = Release|Any CPU
		{1831FC01-C79C-48ED-88B0-67BCEB1C17DC}.Release|Any CPU.Build.0 = Release|Any CPU
	EndGlobalSection
	GlobalSection(SolutionProperties) = preSolution
		HideSolutionNode = FALSE
	EndGlobalSection
	GlobalSection(NestedProjects) = preSolution
		{1831FC01-C79C-48ED-88B0-67BCEB1C17DC} = {CE2EF0A6-A7C9-4580-9D76-E5A67A9B6184}
	EndGlobalSection
	GlobalSection(ExtensibilityGlobals) = postSolution
		SolutionGuid = {1531F579-9D0E-4280-B05A-CB9B0BF8C744}
	EndGlobalSection
EndGlobal
